
Microsoft Visual Studio Solution File, Format Version 12.00
# Visual Studio Version 17
VisualStudioVersion = 17.7.34031.279
MinimumVisualStudioVersion = 10.0.40219.1
Project("{2150E333-8FDC-42A3-9474-1A3956D46DE8}") = "src", "src", "{3ED35DDF-35DD-4EB3-BE44-27266E1C391D}"
EndProject
Project("{2150E333-8FDC-42A3-9474-1A3956D46DE8}") = "Presentation", "Presentation", "{87201A79-C686-452D-A05C-4B64F31E675C}"
EndProject
Project("{2150E333-8FDC-42A3-9474-1A3956D46DE8}") = "Services", "Services", "{A875E6F4-92AE-40F3-9582-4DC402080BDB}"
EndProject
Project("{2150E333-8FDC-42A3-9474-1A3956D46DE8}") = "Domain", "Domain", "{47AB9ACE-D3F5-4C4F-B6E2-3128A8DE66DD}"
EndProject
Project("{2150E333-8FDC-42A3-9474-1A3956D46DE8}") = "Infrastructure", "Infrastructure", "{8099C34D-1BB2-4A17-B34C-D7B113C18D5B}"
EndProject
Project("{2150E333-8FDC-42A3-9474-1A3956D46DE8}") = "Crosscutting", "Crosscutting", "{EA3709E6-9D3B-46F7-ACDF-7F4D30FAB4A6}"
EndProject
Project("{2150E333-8FDC-42A3-9474-1A3956D46DE8}") = "documentation", "documentation", "{4BF25D0A-E09D-41CE-923C-2D1342FC456A}"
	ProjectSection(SolutionItems) = preProject
		..\..\..\Users\ricky\OneDrive\Área de Trabalho\AutomotiveMechanics.pdf = ..\..\..\Users\ricky\OneDrive\Área de Trabalho\AutomotiveMechanics.pdf
	EndProjectSection
EndProject
Project("{9A19103F-16F7-4668-BE54-9A1E7A4F7556}") = "TechChallenge.AutomotiveMechanics.Crosscutting.Ioc", "src\Crosscutting\TechChallenge.AutomotiveMechanics.Crosscutting.Ioc\TechChallenge.AutomotiveMechanics.Crosscutting.Ioc.csproj", "{2EE27084-7918-4225-A42E-D5C551C8D1A9}"
EndProject
Project("{9A19103F-16F7-4668-BE54-9A1E7A4F7556}") = "TechChallenge.AutomotiveMechanics.Domain", "src\Domain\TechChallenge.AutomotiveMechanics.Domain\TechChallenge.AutomotiveMechanics.Domain.csproj", "{5534C210-0A1B-4E50-A0E4-9831A3CBFEE6}"
EndProject
Project("{9A19103F-16F7-4668-BE54-9A1E7A4F7556}") = "TechChallenge.AutomotiveMechanics.Infrastructure.Data", "src\Infrastructure\TechChallenge.AutomotiveMechanics.Infrastructure.Data\TechChallenge.AutomotiveMechanics.Infrastructure.Data.csproj", "{7796D1B2-1073-4AFD-BC2D-84787EC0E9CD}"
EndProject
Project("{9A19103F-16F7-4668-BE54-9A1E7A4F7556}") = "TechChallenge.AutomotiveMechanics.Presentation.API", "src\Presentation\TechChallenge.AutomotiveMechanics.Presentation.API\TechChallenge.AutomotiveMechanics.Presentation.API.csproj", "{6957DD99-C5E3-45AE-B488-9FA6F2C3BA11}"
EndProject
Project("{9A19103F-16F7-4668-BE54-9A1E7A4F7556}") = "TechChallenge.AutomotiveMechanics.Presentation.Worker", "src\Presentation\Techchallenge.AutomotiveMechanics.Presentation.Worker\TechChallenge.AutomotiveMechanics.Presentation.Worker.csproj", "{1038E8DE-9430-4C2E-83AB-9BDEC25CDC43}"
EndProject
Project("{2150E333-8FDC-42A3-9474-1A3956D46DE8}") = "docker-compose", "docker-compose", "{DC063BB7-6E07-4696-A331-7F86CB640E0D}"
EndProject
Project("{9A19103F-16F7-4668-BE54-9A1E7A4F7556}") = "TechChallenge.AutomotiveMechanics.Services.Business", "src\Services\TechChallenge.AutomotiveMechanics.Services.Business\TechChallenge.AutomotiveMechanics.Services.Business.csproj", "{AEF3477C-6C79-4EF5-BA5C-EE8179867DCA}"
EndProject
Project("{9A19103F-16F7-4668-BE54-9A1E7A4F7556}") = "Techchallenge.AutomotiveMechanics.Services.Consumer", "src\Services\Techchallenge.AutomotiveMechanics.Services.Consumer\Techchallenge.AutomotiveMechanics.Services.Consumer.csproj", "{CB19D45F-437D-448C-AFAB-2F6A958B9112}"
EndProject
Project("{E53339B2-1760-4266-BCC7-CA923CBCF16C}") = "docker-compose", "docker-compose\docker-compose.dcproj", "{C8B91C68-A915-49EE-BF04-9DC82AEFE55C}"
EndProject
Project("{FAE04EC0-301F-11D3-BF4B-00C04F79EFBC}") = "Techchallenge.AutomotiveMechanics.Crosscutting.Shared", "src\Crosscutting\Techchallenge.AutomotiveMechanics.Crosscutting.Shared\Techchallenge.AutomotiveMechanics.Crosscutting.Shared.csproj", "{997D2DF0-FEFC-42F1-9D65-99079326667A}"
EndProject
Global
	GlobalSection(SolutionConfigurationPlatforms) = preSolution
		Debug|Any CPU = Debug|Any CPU
		Release|Any CPU = Release|Any CPU
	EndGlobalSection
	GlobalSection(ProjectConfigurationPlatforms) = postSolution
		{2EE27084-7918-4225-A42E-D5C551C8D1A9}.Debug|Any CPU.ActiveCfg = Debug|Any CPU
		{2EE27084-7918-4225-A42E-D5C551C8D1A9}.Debug|Any CPU.Build.0 = Debug|Any CPU
		{2EE27084-7918-4225-A42E-D5C551C8D1A9}.Release|Any CPU.ActiveCfg = Release|Any CPU
		{2EE27084-7918-4225-A42E-D5C551C8D1A9}.Release|Any CPU.Build.0 = Release|Any CPU
		{5534C210-0A1B-4E50-A0E4-9831A3CBFEE6}.Debug|Any CPU.ActiveCfg = Debug|Any CPU
		{5534C210-0A1B-4E50-A0E4-9831A3CBFEE6}.Debug|Any CPU.Build.0 = Debug|Any CPU
		{5534C210-0A1B-4E50-A0E4-9831A3CBFEE6}.Release|Any CPU.ActiveCfg = Release|Any CPU
		{5534C210-0A1B-4E50-A0E4-9831A3CBFEE6}.Release|Any CPU.Build.0 = Release|Any CPU
		{7796D1B2-1073-4AFD-BC2D-84787EC0E9CD}.Debug|Any CPU.ActiveCfg = Debug|Any CPU
		{7796D1B2-1073-4AFD-BC2D-84787EC0E9CD}.Debug|Any CPU.Build.0 = Debug|Any CPU
		{7796D1B2-1073-4AFD-BC2D-84787EC0E9CD}.Release|Any CPU.ActiveCfg = Release|Any CPU
		{7796D1B2-1073-4AFD-BC2D-84787EC0E9CD}.Release|Any CPU.Build.0 = Release|Any CPU
		{6957DD99-C5E3-45AE-B488-9FA6F2C3BA11}.Debug|Any CPU.ActiveCfg = Debug|Any CPU
		{6957DD99-C5E3-45AE-B488-9FA6F2C3BA11}.Debug|Any CPU.Build.0 = Debug|Any CPU
		{6957DD99-C5E3-45AE-B488-9FA6F2C3BA11}.Release|Any CPU.ActiveCfg = Release|Any CPU
		{6957DD99-C5E3-45AE-B488-9FA6F2C3BA11}.Release|Any CPU.Build.0 = Release|Any CPU
		{1038E8DE-9430-4C2E-83AB-9BDEC25CDC43}.Debug|Any CPU.ActiveCfg = Debug|Any CPU
		{1038E8DE-9430-4C2E-83AB-9BDEC25CDC43}.Debug|Any CPU.Build.0 = Debug|Any CPU
		{1038E8DE-9430-4C2E-83AB-9BDEC25CDC43}.Release|Any CPU.ActiveCfg = Release|Any CPU
		{1038E8DE-9430-4C2E-83AB-9BDEC25CDC43}.Release|Any CPU.Build.0 = Release|Any CPU
		{AEF3477C-6C79-4EF5-BA5C-EE8179867DCA}.Debug|Any CPU.ActiveCfg = Debug|Any CPU
		{AEF3477C-6C79-4EF5-BA5C-EE8179867DCA}.Debug|Any CPU.Build.0 = Debug|Any CPU
		{AEF3477C-6C79-4EF5-BA5C-EE8179867DCA}.Release|Any CPU.ActiveCfg = Release|Any CPU
		{AEF3477C-6C79-4EF5-BA5C-EE8179867DCA}.Release|Any CPU.Build.0 = Release|Any CPU
		{CB19D45F-437D-448C-AFAB-2F6A958B9112}.Debug|Any CPU.ActiveCfg = Debug|Any CPU
		{CB19D45F-437D-448C-AFAB-2F6A958B9112}.Debug|Any CPU.Build.0 = Debug|Any CPU
		{CB19D45F-437D-448C-AFAB-2F6A958B9112}.Release|Any CPU.ActiveCfg = Release|Any CPU
		{CB19D45F-437D-448C-AFAB-2F6A958B9112}.Release|Any CPU.Build.0 = Release|Any CPU
		{C8B91C68-A915-49EE-BF04-9DC82AEFE55C}.Debug|Any CPU.ActiveCfg = Debug|Any CPU
		{C8B91C68-A915-49EE-BF04-9DC82AEFE55C}.Debug|Any CPU.Build.0 = Debug|Any CPU
		{C8B91C68-A915-49EE-BF04-9DC82AEFE55C}.Release|Any CPU.ActiveCfg = Release|Any CPU
		{C8B91C68-A915-49EE-BF04-9DC82AEFE55C}.Release|Any CPU.Build.0 = Release|Any CPU
		{997D2DF0-FEFC-42F1-9D65-99079326667A}.Debug|Any CPU.ActiveCfg = Debug|Any CPU
		{997D2DF0-FEFC-42F1-9D65-99079326667A}.Debug|Any CPU.Build.0 = Debug|Any CPU
		{997D2DF0-FEFC-42F1-9D65-99079326667A}.Release|Any CPU.ActiveCfg = Release|Any CPU
		{997D2DF0-FEFC-42F1-9D65-99079326667A}.Release|Any CPU.Build.0 = Release|Any CPU
	EndGlobalSection
	GlobalSection(SolutionProperties) = preSolution
		HideSolutionNode = FALSE
	EndGlobalSection
	GlobalSection(NestedProjects) = preSolution
		{87201A79-C686-452D-A05C-4B64F31E675C} = {3ED35DDF-35DD-4EB3-BE44-27266E1C391D}
		{A875E6F4-92AE-40F3-9582-4DC402080BDB} = {3ED35DDF-35DD-4EB3-BE44-27266E1C391D}
		{47AB9ACE-D3F5-4C4F-B6E2-3128A8DE66DD} = {3ED35DDF-35DD-4EB3-BE44-27266E1C391D}
		{8099C34D-1BB2-4A17-B34C-D7B113C18D5B} = {3ED35DDF-35DD-4EB3-BE44-27266E1C391D}
		{EA3709E6-9D3B-46F7-ACDF-7F4D30FAB4A6} = {3ED35DDF-35DD-4EB3-BE44-27266E1C391D}
		{2EE27084-7918-4225-A42E-D5C551C8D1A9} = {EA3709E6-9D3B-46F7-ACDF-7F4D30FAB4A6}
		{5534C210-0A1B-4E50-A0E4-9831A3CBFEE6} = {47AB9ACE-D3F5-4C4F-B6E2-3128A8DE66DD}
		{7796D1B2-1073-4AFD-BC2D-84787EC0E9CD} = {8099C34D-1BB2-4A17-B34C-D7B113C18D5B}
		{6957DD99-C5E3-45AE-B488-9FA6F2C3BA11} = {87201A79-C686-452D-A05C-4B64F31E675C}
		{1038E8DE-9430-4C2E-83AB-9BDEC25CDC43} = {87201A79-C686-452D-A05C-4B64F31E675C}
		{AEF3477C-6C79-4EF5-BA5C-EE8179867DCA} = {A875E6F4-92AE-40F3-9582-4DC402080BDB}
		{CB19D45F-437D-448C-AFAB-2F6A958B9112} = {A875E6F4-92AE-40F3-9582-4DC402080BDB}
		{C8B91C68-A915-49EE-BF04-9DC82AEFE55C} = {DC063BB7-6E07-4696-A331-7F86CB640E0D}
		{997D2DF0-FEFC-42F1-9D65-99079326667A} = {EA3709E6-9D3B-46F7-ACDF-7F4D30FAB4A6}
	EndGlobalSection
	GlobalSection(ExtensibilityGlobals) = postSolution
		SolutionGuid = {DAF2A517-18E0-4ED7-9150-EF8972AF213F}
	EndGlobalSection
EndGlobal
