
Microsoft Visual Studio Solution File, Format Version 12.00
# Visual Studio Version 17
VisualStudioVersion = 17.7.34031.279
MinimumVisualStudioVersion = 10.0.40219.1
Project("{2150E333-8FDC-42A3-9474-1A3956D46DE8}") = "src", "src", "{3ED35DDF-35DD-4EB3-BE44-27266E1C391D}"
EndProject
Project("{2150E333-8FDC-42A3-9474-1A3956D46DE8}") = "1-Presentation", "1-Presentation", "{87201A79-C686-452D-A05C-4B64F31E675C}"
EndProject
Project("{2150E333-8FDC-42A3-9474-1A3956D46DE8}") = "2-Services", "2-Services", "{A875E6F4-92AE-40F3-9582-4DC402080BDB}"
EndProject
Project("{2150E333-8FDC-42A3-9474-1A3956D46DE8}") = "3-Domain", "3-Domain", "{47AB9ACE-D3F5-4C4F-B6E2-3128A8DE66DD}"
EndProject
Project("{2150E333-8FDC-42A3-9474-1A3956D46DE8}") = "4-Infrastructure", "4-Infrastructure", "{8099C34D-1BB2-4A17-B34C-D7B113C18D5B}"
EndProject
Project("{2150E333-8FDC-42A3-9474-1A3956D46DE8}") = "5-Crosscutting", "5-Crosscutting", "{EA3709E6-9D3B-46F7-ACDF-7F4D30FAB4A6}"
EndProject
Project("{2150E333-8FDC-42A3-9474-1A3956D46DE8}") = "6-Tests", "6-Tests", "{489FD3C5-CD6E-48E2-86D4-5EDF3C6FDB13}"
EndProject
Project("{2150E333-8FDC-42A3-9474-1A3956D46DE8}") = "4.1-Data", "4.1-Data", "{D61B7FFF-5F81-45BD-8149-C78DAA11660D}"
EndProject
Project("{2150E333-8FDC-42A3-9474-1A3956D46DE8}") = "5.1-Ioc", "5.1-Ioc", "{780FD3C1-FAB5-4D63-B46F-AF58185FC7CC}"
EndProject
Project("{2150E333-8FDC-42A3-9474-1A3956D46DE8}") = "1.1-API", "1.1-API", "{38E913A9-F559-4FB7-8169-F75B753810D2}"
EndProject
Project("{2150E333-8FDC-42A3-9474-1A3956D46DE8}") = "2.1-Business", "2.1-Business", "{418CC6BA-B7CE-4A92-831F-DD70D0753B05}"
EndProject
Project("{9A19103F-16F7-4668-BE54-9A1E7A4F7556}") = "TechChallenge.AutomotiveMechanics.Presentation.API", "src\1-Presentation\1.1-API\TechChallenge.AutomotiveMechanics.Presentation.API\TechChallenge.AutomotiveMechanics.Presentation.API.csproj", "{B776CE22-3483-44D2-A971-0FC85A38E118}"
EndProject
Project("{9A19103F-16F7-4668-BE54-9A1E7A4F7556}") = "TechChallenge.AutomotiveMechanics.Services.Business", "src\2-Services\2.1-Business\TechChallenge.AutomotiveMechanics.Services.Business\TechChallenge.AutomotiveMechanics.Services.Business.csproj", "{AFA921CB-8AD6-4C2F-B5A7-23693D52EBCC}"
EndProject
Project("{9A19103F-16F7-4668-BE54-9A1E7A4F7556}") = "TechChallenge.AutomotiveMechanics.Domain", "src\3-Domain\TechChallenge.AutomotiveMechanics.Domain\TechChallenge.AutomotiveMechanics.Domain.csproj", "{B30F5737-09C1-4D7B-9CA6-E1FF288F730D}"
EndProject
Project("{9A19103F-16F7-4668-BE54-9A1E7A4F7556}") = "TechChallenge.AutomotiveMechanics.Crosscutting.Ioc", "src\5-Crosscutting\5.1-IOC\TechChallenge.AutomotiveMechanics.Crosscutting.Ioc\TechChallenge.AutomotiveMechanics.Crosscutting.Ioc.csproj", "{DDDA3305-3988-4A43-9060-2938FF632377}"
EndProject
Project("{E53339B2-1760-4266-BCC7-CA923CBCF16C}") = "docker-compose", "docker-compose.dcproj", "{39F0EEA5-9648-44FE-BED8-16CA82885DCC}"
EndProject
Project("{9A19103F-16F7-4668-BE54-9A1E7A4F7556}") = "TechChallenge.AutomotiveMechanics.Infrastructure.Data", "src\4-Infrastructure\4.1-Data\TechChallenge.AutomotiveMechanics.Infrastructure.Data\TechChallenge.AutomotiveMechanics.Infrastructure.Data.csproj", "{B80D1429-E2E4-493A-A90E-8E6D823B7651}"
EndProject
Project("{9A19103F-16F7-4668-BE54-9A1E7A4F7556}") = "TechChallenge.AutomotiveMechanics.WebAPI.Tests", "src\6-Tests\6.1-Test\TechChallenge.AutomotiveMechanics.WebAPI.Tests\TechChallenge.AutomotiveMechanics.WebAPI.Tests.csproj", "{2E2E74F8-D179-490F-98AE-2E0296E4CCDF}"
EndProject
Project("{FAE04EC0-301F-11D3-BF4B-00C04F79EFBC}") = "TechChallenge.AutomotiveMechanics.Tests.FakeData", "src\6-Tests\6.1-Test\TechChallenge.AutomotiveMechanics.Tests.FakeData\TechChallenge.AutomotiveMechanics.Tests.FakeData.csproj", "{1447746A-7623-4B39-96B9-74149B238037}"
EndProject
Global
	GlobalSection(SolutionConfigurationPlatforms) = preSolution
		Debug|Any CPU = Debug|Any CPU
		Release|Any CPU = Release|Any CPU
	EndGlobalSection
	GlobalSection(ProjectConfigurationPlatforms) = postSolution
		{B776CE22-3483-44D2-A971-0FC85A38E118}.Debug|Any CPU.ActiveCfg = Debug|Any CPU
		{B776CE22-3483-44D2-A971-0FC85A38E118}.Debug|Any CPU.Build.0 = Debug|Any CPU
		{B776CE22-3483-44D2-A971-0FC85A38E118}.Release|Any CPU.ActiveCfg = Release|Any CPU
		{B776CE22-3483-44D2-A971-0FC85A38E118}.Release|Any CPU.Build.0 = Release|Any CPU
		{AFA921CB-8AD6-4C2F-B5A7-23693D52EBCC}.Debug|Any CPU.ActiveCfg = Debug|Any CPU
		{AFA921CB-8AD6-4C2F-B5A7-23693D52EBCC}.Debug|Any CPU.Build.0 = Debug|Any CPU
		{AFA921CB-8AD6-4C2F-B5A7-23693D52EBCC}.Release|Any CPU.ActiveCfg = Release|Any CPU
		{AFA921CB-8AD6-4C2F-B5A7-23693D52EBCC}.Release|Any CPU.Build.0 = Release|Any CPU
		{B30F5737-09C1-4D7B-9CA6-E1FF288F730D}.Debug|Any CPU.ActiveCfg = Debug|Any CPU
		{B30F5737-09C1-4D7B-9CA6-E1FF288F730D}.Debug|Any CPU.Build.0 = Debug|Any CPU
		{B30F5737-09C1-4D7B-9CA6-E1FF288F730D}.Release|Any CPU.ActiveCfg = Release|Any CPU
		{B30F5737-09C1-4D7B-9CA6-E1FF288F730D}.Release|Any CPU.Build.0 = Release|Any CPU
		{DDDA3305-3988-4A43-9060-2938FF632377}.Debug|Any CPU.ActiveCfg = Debug|Any CPU
		{DDDA3305-3988-4A43-9060-2938FF632377}.Debug|Any CPU.Build.0 = Debug|Any CPU
		{DDDA3305-3988-4A43-9060-2938FF632377}.Release|Any CPU.ActiveCfg = Release|Any CPU
		{DDDA3305-3988-4A43-9060-2938FF632377}.Release|Any CPU.Build.0 = Release|Any CPU
		{39F0EEA5-9648-44FE-BED8-16CA82885DCC}.Debug|Any CPU.ActiveCfg = Debug|Any CPU
		{39F0EEA5-9648-44FE-BED8-16CA82885DCC}.Debug|Any CPU.Build.0 = Debug|Any CPU
		{39F0EEA5-9648-44FE-BED8-16CA82885DCC}.Release|Any CPU.ActiveCfg = Release|Any CPU
		{39F0EEA5-9648-44FE-BED8-16CA82885DCC}.Release|Any CPU.Build.0 = Release|Any CPU
		{B80D1429-E2E4-493A-A90E-8E6D823B7651}.Debug|Any CPU.ActiveCfg = Debug|Any CPU
		{B80D1429-E2E4-493A-A90E-8E6D823B7651}.Debug|Any CPU.Build.0 = Debug|Any CPU
		{B80D1429-E2E4-493A-A90E-8E6D823B7651}.Release|Any CPU.ActiveCfg = Release|Any CPU
		{B80D1429-E2E4-493A-A90E-8E6D823B7651}.Release|Any CPU.Build.0 = Release|Any CPU
		{2E2E74F8-D179-490F-98AE-2E0296E4CCDF}.Debug|Any CPU.ActiveCfg = Debug|Any CPU
		{2E2E74F8-D179-490F-98AE-2E0296E4CCDF}.Debug|Any CPU.Build.0 = Debug|Any CPU
		{2E2E74F8-D179-490F-98AE-2E0296E4CCDF}.Release|Any CPU.ActiveCfg = Release|Any CPU
		{2E2E74F8-D179-490F-98AE-2E0296E4CCDF}.Release|Any CPU.Build.0 = Release|Any CPU
		{1447746A-7623-4B39-96B9-74149B238037}.Debug|Any CPU.ActiveCfg = Debug|Any CPU
		{1447746A-7623-4B39-96B9-74149B238037}.Debug|Any CPU.Build.0 = Debug|Any CPU
		{1447746A-7623-4B39-96B9-74149B238037}.Release|Any CPU.ActiveCfg = Release|Any CPU
		{1447746A-7623-4B39-96B9-74149B238037}.Release|Any CPU.Build.0 = Release|Any CPU
	EndGlobalSection
	GlobalSection(SolutionProperties) = preSolution
		HideSolutionNode = FALSE
	EndGlobalSection
	GlobalSection(NestedProjects) = preSolution
		{87201A79-C686-452D-A05C-4B64F31E675C} = {3ED35DDF-35DD-4EB3-BE44-27266E1C391D}
		{A875E6F4-92AE-40F3-9582-4DC402080BDB} = {3ED35DDF-35DD-4EB3-BE44-27266E1C391D}
		{47AB9ACE-D3F5-4C4F-B6E2-3128A8DE66DD} = {3ED35DDF-35DD-4EB3-BE44-27266E1C391D}
		{8099C34D-1BB2-4A17-B34C-D7B113C18D5B} = {3ED35DDF-35DD-4EB3-BE44-27266E1C391D}
		{EA3709E6-9D3B-46F7-ACDF-7F4D30FAB4A6} = {3ED35DDF-35DD-4EB3-BE44-27266E1C391D}
		{489FD3C5-CD6E-48E2-86D4-5EDF3C6FDB13} = {3ED35DDF-35DD-4EB3-BE44-27266E1C391D}
		{D61B7FFF-5F81-45BD-8149-C78DAA11660D} = {8099C34D-1BB2-4A17-B34C-D7B113C18D5B}
		{780FD3C1-FAB5-4D63-B46F-AF58185FC7CC} = {EA3709E6-9D3B-46F7-ACDF-7F4D30FAB4A6}
		{38E913A9-F559-4FB7-8169-F75B753810D2} = {87201A79-C686-452D-A05C-4B64F31E675C}
		{418CC6BA-B7CE-4A92-831F-DD70D0753B05} = {A875E6F4-92AE-40F3-9582-4DC402080BDB}
		{B776CE22-3483-44D2-A971-0FC85A38E118} = {38E913A9-F559-4FB7-8169-F75B753810D2}
		{AFA921CB-8AD6-4C2F-B5A7-23693D52EBCC} = {418CC6BA-B7CE-4A92-831F-DD70D0753B05}
		{B30F5737-09C1-4D7B-9CA6-E1FF288F730D} = {47AB9ACE-D3F5-4C4F-B6E2-3128A8DE66DD}
		{DDDA3305-3988-4A43-9060-2938FF632377} = {780FD3C1-FAB5-4D63-B46F-AF58185FC7CC}
		{B80D1429-E2E4-493A-A90E-8E6D823B7651} = {D61B7FFF-5F81-45BD-8149-C78DAA11660D}
		{2E2E74F8-D179-490F-98AE-2E0296E4CCDF} = {489FD3C5-CD6E-48E2-86D4-5EDF3C6FDB13}
		{1447746A-7623-4B39-96B9-74149B238037} = {489FD3C5-CD6E-48E2-86D4-5EDF3C6FDB13}
	EndGlobalSection
	GlobalSection(ExtensibilityGlobals) = postSolution
		SolutionGuid = {DAF2A517-18E0-4ED7-9150-EF8972AF213F}
	EndGlobalSection
EndGlobal
